{
  "ai-scrum-version": "2.1.1",
  "files": {
    ".claude/commands/build.md": "ac73f5f5788cbcbd5ae0b96c847dc304d1161726",
    ".claude/commands/concept.md": "bdb405afa38db5f9a3ce4776fcea0dc0a7af04fc",
    ".claude/commands/refine.md": "452010fca72e77f7f59742acebaa43bee7894bd8",
    ".claude/commands/roadmap.md": "309886171cb85bda492b206b9e4459f293404408",
    ".claude/commands/sprint.md": "f4f2e66e5002e412be633525e669441494080dfb",
    ".claude/agents/deliverable-hard.md": "3fde86161f367b3303d80c6d7ed14087e6313960",
    ".claude/agents/story-review-hard.md": "5863667d386dc5cf65198cb3409810f93f17b0e7"
  }
}
