{
  "ai-scrum-version": "3.0.0",
  "files": {
    ".claude/commands/build.md": "b11b10abad28aa288c3a4647bdc1deaea7e07ced",
    ".claude/commands/concept.md": "8e02770854f5d5d3d0926458dbad7fe3b0f31062",
    ".claude/commands/refine.md": "f0c60544b3b3d9c52630534dbda1dd4631a72678",
    ".claude/commands/roadmap.md": "2c2aebcb84b81de824fb34cc185ea2004b767bef",
    ".claude/commands/sprint.md": "42d9238b8b7f1bc98b3db8454e0232d44409bc94",
    ".claude/agents/deliverable-hard.md": "47f510a05f7db73aad40d73195adeb91e0589080",
    ".claude/agents/story-review-hard.md": "f388b21927ed922b96cd1e4c072c105d04d61421"
  }
}
