{
  "ai-scrum-version": "2.1.0",
  "files": {
    ".claude/commands/build.md": "f063f5bf149aa569845ef5882fa5352beea5577b",
    ".claude/commands/concept.md": "3fbcf9a81eb95d7bf9169428192854c2241f1dee",
    ".claude/commands/refine.md": "57f058e343a0398ddf827c2c530c066a60a2fb7a",
    ".claude/commands/roadmap.md": "6db41cdb300522effcfd935b948927d27980316c",
    ".claude/commands/sprint.md": "4263ac10f64b368effe44dd0621a3926588b837f",
    ".claude/agents/deliverable-hard.md": "9b4dec65326b60e311bbd4f300d04d6322df6bcc",
    ".claude/agents/story-review-hard.md": "1578d1a43d8e0c18f2b8f134e96c45779d2d2876"
  }
}
