{
  "tech-rules-version": "1.0.0",
  "groups": ["all", "react", "electron"],
  "files": {
    ".claude/skills/karpathy/SKILL.md": "a89459496c11589e6bc660bf22de118a8fdc7e60",
    ".claude/skills/design-tokens/SKILL.md": "03ea0bda27d70d84d100ff9943c6485a59c083c9",
    ".claude/skills/frontend-guidelines/SKILL.md": "a9a5876ac9610f9e2d2900674d1dc1477a37f3cb",
    ".claude/skills/electron-arch/SKILL.md": "191f58b5c476bdd222879a6497f35cc0ea60a203",
    ".claude/skills/typed-ipc/SKILL.md": "1bdd0f2ed3d3d999cd3bb5c559a1c4f8e0d9597d",
    ".claude/skills/ui-verify/SKILL.md": "a744a20b952fe4ffe3a63d7de69a8927b07ae765"
  }
}
